// !$*UTF8*$!
{
	archiveVersion = 1;
	classes = {
	};
	objectVersion = 50;
	objects = {

/* Begin PBXBuildFile section */
		2720E76A22876BEA00A55529 /* BookViewController.swift in Sources */ = {isa = PBXBuildFile; fileRef = 2720E76922876BEA00A55529 /* BookViewController.swift */; };
		2720E76C22876E7300A55529 /* ViewController+CoreData.swift in Sources */ = {isa = PBXBuildFile; fileRef = 2720E76B22876E7300A55529 /* ViewController+CoreData.swift */; };
		274B73F922875DD700CDD658 /* AppDelegate.swift in Sources */ = {isa = PBXBuildFile; fileRef = 274B73F822875DD700CDD658 /* AppDelegate.swift */; };
		274B73FB22875DD700CDD658 /* ViewController.swift in Sources */ = {isa = PBXBuildFile; fileRef = 274B73FA22875DD700CDD658 /* ViewController.swift */; };
		274B73FE22875DD700CDD658 /* Main.storyboard in Resources */ = {isa = PBXBuildFile; fileRef = 274B73FC22875DD700CDD658 /* Main.storyboard */; };
		274B740122875DD700CDD658 /* MyBooks.xcdatamodeld in Sources */ = {isa = PBXBuildFile; fileRef = 274B73FF22875DD700CDD658 /* MyBooks.xcdatamodeld */; };
		274B740322875DD800CDD658 /* Assets.xcassets in Resources */ = {isa = PBXBuildFile; fileRef = 274B740222875DD800CDD658 /* Assets.xcassets */; };
		274B740622875DD800CDD658 /* LaunchScreen.storyboard in Resources */ = {isa = PBXBuildFile; fileRef = 274B740422875DD800CDD658 /* LaunchScreen.storyboard */; };
		274B740E228769D700CDD658 /* BooksTableViewController.swift in Sources */ = {isa = PBXBuildFile; fileRef = 274B740D228769D700CDD658 /* BooksTableViewController.swift */; };
		274B741022876A0400CDD658 /* BooksTableViewCell.swift in Sources */ = {isa = PBXBuildFile; fileRef = 274B740F22876A0400CDD658 /* BooksTableViewCell.swift */; };
		274B741222876A4F00CDD658 /* AddEditViewController.swift in Sources */ = {isa = PBXBuildFile; fileRef = 274B741122876A4F00CDD658 /* AddEditViewController.swift */; };
		2788835A2287C44300BE994B /* PlatformsTableViewController.swift in Sources */ = {isa = PBXBuildFile; fileRef = 278883592287C44300BE994B /* PlatformsTableViewController.swift */; };
		2788835C2287C46700BE994B /* PlatformsManager.swift in Sources */ = {isa = PBXBuildFile; fileRef = 2788835B2287C46700BE994B /* PlatformsManager.swift */; };
		59673738CEA45DC11FA98A13 /* Pods_MyBooks.framework in Frameworks */ = {isa = PBXBuildFile; fileRef = B99F2320CA90EEBE1A44DE60 /* Pods_MyBooks.framework */; };
/* End PBXBuildFile section */

/* Begin PBXFileReference section */
		0A1BC4F511664BB6742C51EF /* Pods-MyBooks.release.xcconfig */ = {isa = PBXFileReference; includeInIndex = 1; lastKnownFileType = text.xcconfig; name = "Pods-MyBooks.release.xcconfig"; path = "Target Support Files/Pods-MyBooks/Pods-MyBooks.release.xcconfig"; sourceTree = "<group>"; };
		2720E76922876BEA00A55529 /* BookViewController.swift */ = {isa = PBXFileReference; lastKnownFileType = sourcecode.swift; path = BookViewController.swift; sourceTree = "<group>"; };
		2720E76B22876E7300A55529 /* ViewController+CoreData.swift */ = {isa = PBXFileReference; lastKnownFileType = sourcecode.swift; path = "ViewController+CoreData.swift"; sourceTree = "<group>"; };
		274B73F522875DD700CDD658 /* MyBooks.app */ = {isa = PBXFileReference; explicitFileType = wrapper.application; includeInIndex = 0; path = MyBooks.app; sourceTree = BUILT_PRODUCTS_DIR; };
		274B73F822875DD700CDD658 /* AppDelegate.swift */ = {isa = PBXFileReference; lastKnownFileType = sourcecode.swift; path = AppDelegate.swift; sourceTree = "<group>"; };
		274B73FA22875DD700CDD658 /* ViewController.swift */ = {isa = PBXFileReference; lastKnownFileType = sourcecode.swift; path = ViewController.swift; sourceTree = "<group>"; };
		274B73FD22875DD700CDD658 /* Base */ = {isa = PBXFileReference; lastKnownFileType = file.storyboard; name = Base; path = Base.lproj/Main.storyboard; sourceTree = "<group>"; };
		274B740022875DD700CDD658 /* MyBooks.xcdatamodel */ = {isa = PBXFileReference; lastKnownFileType = wrapper.xcdatamodel; path = MyBooks.xcdatamodel; sourceTree = "<group>"; };
		274B740222875DD800CDD658 /* Assets.xcassets */ = {isa = PBXFileReference; lastKnownFileType = folder.assetcatalog; path = Assets.xcassets; sourceTree = "<group>"; };
		274B740522875DD800CDD658 /* Base */ = {isa = PBXFileReference; lastKnownFileType = file.storyboard; name = Base; path = Base.lproj/LaunchScreen.storyboard; sourceTree = "<group>"; };
		274B740722875DD800CDD658 /* Info.plist */ = {isa = PBXFileReference; lastKnownFileType = text.plist.xml; path = Info.plist; sourceTree = "<group>"; };
		274B740D228769D700CDD658 /* BooksTableViewController.swift */ = {isa = PBXFileReference; lastKnownFileType = sourcecode.swift; path = BooksTableViewController.swift; sourceTree = "<group>"; };
		274B740F22876A0400CDD658 /* BooksTableViewCell.swift */ = {isa = PBXFileReference; lastKnownFileType = sourcecode.swift; path = BooksTableViewCell.swift; sourceTree = "<group>"; };
		274B741122876A4F00CDD658 /* AddEditViewController.swift */ = {isa = PBXFileReference; lastKnownFileType = sourcecode.swift; path = AddEditViewController.swift; sourceTree = "<group>"; };
		278883592287C44300BE994B /* PlatformsTableViewController.swift */ = {isa = PBXFileReference; lastKnownFileType = sourcecode.swift; path = PlatformsTableViewController.swift; sourceTree = "<group>"; };
		2788835B2287C46700BE994B /* PlatformsManager.swift */ = {isa = PBXFileReference; lastKnownFileType = sourcecode.swift; path = PlatformsManager.swift; sourceTree = "<group>"; };
		B99F2320CA90EEBE1A44DE60 /* Pods_MyBooks.framework */ = {isa = PBXFileReference; explicitFileType = wrapper.framework; includeInIndex = 0; path = Pods_MyBooks.framework; sourceTree = BUILT_PRODUCTS_DIR; };
		EED697DEB392D7E3895F08F8 /* Pods-MyBooks.debug.xcconfig */ = {isa = PBXFileReference; includeInIndex = 1; lastKnownFileType = text.xcconfig; name = "Pods-MyBooks.debug.xcconfig"; path = "Target Support Files/Pods-MyBooks/Pods-MyBooks.debug.xcconfig"; sourceTree = "<group>"; };
/* End PBXFileReference section */

/* Begin PBXFrameworksBuildPhase section */
		274B73F222875DD700CDD658 /* Frameworks */ = {
			isa = PBXFrameworksBuildPhase;
			buildActionMask = 2147483647;
			files = (
				59673738CEA45DC11FA98A13 /* Pods_MyBooks.framework in Frameworks */,
			);
			runOnlyForDeploymentPostprocessing = 0;
		};
/* End PBXFrameworksBuildPhase section */

/* Begin PBXGroup section */
		046BCDAB484F831F153E715D /* Frameworks */ = {
			isa = PBXGroup;
			children = (
				B99F2320CA90EEBE1A44DE60 /* Pods_MyBooks.framework */,
			);
			name = Frameworks;
			sourceTree = "<group>";
		};
		22B81325491088C33607505B /* Pods */ = {
			isa = PBXGroup;
			children = (
				EED697DEB392D7E3895F08F8 /* Pods-MyBooks.debug.xcconfig */,
				0A1BC4F511664BB6742C51EF /* Pods-MyBooks.release.xcconfig */,
			);
			name = Pods;
			path = Pods;
			sourceTree = "<group>";
		};
		274B73EC22875DD700CDD658 = {
			isa = PBXGroup;
			children = (
				274B73F722875DD700CDD658 /* MyBooks */,
				274B73F622875DD700CDD658 /* Products */,
				22B81325491088C33607505B /* Pods */,
				046BCDAB484F831F153E715D /* Frameworks */,
			);
			sourceTree = "<group>";
		};
		274B73F622875DD700CDD658 /* Products */ = {
			isa = PBXGroup;
			children = (
				274B73F522875DD700CDD658 /* MyBooks.app */,
			);
			name = Products;
			sourceTree = "<group>";
		};
		274B73F722875DD700CDD658 /* MyBooks */ = {
			isa = PBXGroup;
			children = (
				278883592287C44300BE994B /* PlatformsTableViewController.swift */,
				2788835B2287C46700BE994B /* PlatformsManager.swift */,
				274B73F822875DD700CDD658 /* AppDelegate.swift */,
				274B73FA22875DD700CDD658 /* ViewController.swift */,
				274B73FC22875DD700CDD658 /* Main.storyboard */,
				274B740F22876A0400CDD658 /* BooksTableViewCell.swift */,
				274B741122876A4F00CDD658 /* AddEditViewController.swift */,
				2720E76922876BEA00A55529 /* BookViewController.swift */,
				274B740D228769D700CDD658 /* BooksTableViewController.swift */,
				274B740222875DD800CDD658 /* Assets.xcassets */,
				274B740422875DD800CDD658 /* LaunchScreen.storyboard */,
				274B740722875DD800CDD658 /* Info.plist */,
				274B73FF22875DD700CDD658 /* MyBooks.xcdatamodeld */,
				2720E76B22876E7300A55529 /* ViewController+CoreData.swift */,
			);
			path = MyBooks;
			sourceTree = "<group>";
		};
/* End PBXGroup section */

/* Begin PBXNativeTarget section */
		274B73F422875DD700CDD658 /* MyBooks */ = {
			isa = PBXNativeTarget;
			buildConfigurationList = 274B740A22875DD800CDD658 /* Build configuration list for PBXNativeTarget "MyBooks" */;
			buildPhases = (
				56C5073FB5DF534E7F3F6B56 /* [CP] Check Pods Manifest.lock */,
				274B73F122875DD700CDD658 /* Sources */,
				274B73F222875DD700CDD658 /* Frameworks */,
				274B73F322875DD700CDD658 /* Resources */,
				D9439D6B08287C927A57C582 /* [CP] Embed Pods Frameworks */,
			);
			buildRules = (
			);
			dependencies = (
			);
			name = MyBooks;
			productName = MyBooks;
			productReference = 274B73F522875DD700CDD658 /* MyBooks.app */;
			productType = "com.apple.product-type.application";
		};
/* End PBXNativeTarget section */

/* Begin PBXProject section */
		274B73ED22875DD700CDD658 /* Project object */ = {
			isa = PBXProject;
			attributes = {
				LastSwiftUpdateCheck = 1020;
				LastUpgradeCheck = 1020;
				ORGANIZATIONNAME = "Rafael Oliveira";
				TargetAttributes = {
					274B73F422875DD700CDD658 = {
						CreatedOnToolsVersion = 10.2.1;
					};
				};
			};
			buildConfigurationList = 274B73F022875DD700CDD658 /* Build configuration list for PBXProject "MyBooks" */;
			compatibilityVersion = "Xcode 9.3";
			developmentRegion = en;
			hasScannedForEncodings = 0;
			knownRegions = (
				en,
				Base,
			);
			mainGroup = 274B73EC22875DD700CDD658;
			productRefGroup = 274B73F622875DD700CDD658 /* Products */;
			projectDirPath = "";
			projectRoot = "";
			targets = (
				274B73F422875DD700CDD658 /* MyBooks */,
			);
		};
/* End PBXProject section */

/* Begin PBXResourcesBuildPhase section */
		274B73F322875DD700CDD658 /* Resources */ = {
			isa = PBXResourcesBuildPhase;
			buildActionMask = 2147483647;
			files = (
				274B740622875DD800CDD658 /* LaunchScreen.storyboard in Resources */,
				274B740322875DD800CDD658 /* Assets.xcassets in Resources */,
				274B73FE22875DD700CDD658 /* Main.storyboard in Resources */,
			);
			runOnlyForDeploymentPostprocessing = 0;
		};
/* End PBXResourcesBuildPhase section */

/* Begin PBXShellScriptBuildPhase section */
		56C5073FB5DF534E7F3F6B56 /* [CP] Check Pods Manifest.lock */ = {
			isa = PBXShellScriptBuildPhase;
			buildActionMask = 2147483647;
			files = (
			);
			inputFileListPaths = (
			);
			inputPaths = (
				"${PODS_PODFILE_DIR_PATH}/Podfile.lock",
				"${PODS_ROOT}/Manifest.lock",
			);
			name = "[CP] Check Pods Manifest.lock";
			outputFileListPaths = (
			);
			outputPaths = (
				"$(DERIVED_FILE_DIR)/Pods-MyBooks-checkManifestLockResult.txt",
			);
			runOnlyForDeploymentPostprocessing = 0;
			shellPath = /bin/sh;
			shellScript = "diff \"${PODS_PODFILE_DIR_PATH}/Podfile.lock\" \"${PODS_ROOT}/Manifest.lock\" > /dev/null\nif [ $? != 0 ] ; then\n    # print error to STDERR\n    echo \"error: The sandbox is not in sync with the Podfile.lock. Run 'pod install' or update your CocoaPods installation.\" >&2\n    exit 1\nfi\n# This output is used by Xcode 'outputs' to avoid re-running this script phase.\necho \"SUCCESS\" > \"${SCRIPT_OUTPUT_FILE_0}\"\n";
			showEnvVarsInLog = 0;
		};
		D9439D6B08287C927A57C582 /* [CP] Embed Pods Frameworks */ = {
			isa = PBXShellScriptBuildPhase;
			buildActionMask = 2147483647;
			files = (
			);
			inputFileListPaths = (
			);
			inputPaths = (
				"${PODS_ROOT}/Target Support Files/Pods-MyBooks/Pods-MyBooks-frameworks.sh",
				"${BUILT_PRODUCTS_DIR}/Cosmos/Cosmos.framework",
			);
			name = "[CP] Embed Pods Frameworks";
			outputFileListPaths = (
			);
			outputPaths = (
				"${TARGET_BUILD_DIR}/${FRAMEWORKS_FOLDER_PATH}/Cosmos.framework",
			);
			runOnlyForDeploymentPostprocessing = 0;
			shellPath = /bin/sh;
			shellScript = "\"${PODS_ROOT}/Target Support Files/Pods-MyBooks/Pods-MyBooks-frameworks.sh\"\n";
			showEnvVarsInLog = 0;
		};
/* End PBXShellScriptBuildPhase section */

/* Begin PBXSourcesBuildPhase section */
		274B73F122875DD700CDD658 /* Sources */ = {
			isa = PBXSourcesBuildPhase;
			buildActionMask = 2147483647;
			files = (
				274B741022876A0400CDD658 /* BooksTableViewCell.swift in Sources */,
				274B73FB22875DD700CDD658 /* ViewController.swift in Sources */,
				274B741222876A4F00CDD658 /* AddEditViewController.swift in Sources */,
				2720E76A22876BEA00A55529 /* BookViewController.swift in Sources */,
				274B73F922875DD700CDD658 /* AppDelegate.swift in Sources */,
				2788835A2287C44300BE994B /* PlatformsTableViewController.swift in Sources */,
				2788835C2287C46700BE994B /* PlatformsManager.swift in Sources */,
				2720E76C22876E7300A55529 /* ViewController+CoreData.swift in Sources */,
				274B740E228769D700CDD658 /* BooksTableViewController.swift in Sources */,
				274B740122875DD700CDD658 /* MyBooks.xcdatamodeld in Sources */,
			);
			runOnlyForDeploymentPostprocessing = 0;
		};
/* End PBXSourcesBuildPhase section */

/* Begin PBXVariantGroup section */
		274B73FC22875DD700CDD658 /* Main.storyboard */ = {
			isa = PBXVariantGroup;
			children = (
				274B73FD22875DD700CDD658 /* Base */,
			);
			name = Main.storyboard;
			sourceTree = "<group>";
		};
		274B740422875DD800CDD658 /* LaunchScreen.storyboard */ = {
			isa = PBXVariantGroup;
			children = (
				274B740522875DD800CDD658 /* Base */,
			);
			name = LaunchScreen.storyboard;
			sourceTree = "<group>";
		};
/* End PBXVariantGroup section */

/* Begin XCBuildConfiguration section */
		274B740822875DD800CDD658 /* Debug */ = {
			isa = XCBuildConfiguration;
			buildSettings = {
				ALWAYS_SEARCH_USER_PATHS = NO;
				CLANG_ANALYZER_NONNULL = YES;
				CLANG_ANALYZER_NUMBER_OBJECT_CONVERSION = YES_AGGRESSIVE;
				CLANG_CXX_LANGUAGE_STANDARD = "gnu++14";
				CLANG_CXX_LIBRARY = "libc++";
				CLANG_ENABLE_MODULES = YES;
				CLANG_ENABLE_OBJC_ARC = YES;
				CLANG_ENABLE_OBJC_WEAK = YES;
				CLANG_WARN_BLOCK_CAPTURE_AUTORELEASING = YES;
				CLANG_WARN_BOOL_CONVERSION = YES;
				CLANG_WARN_COMMA = YES;
				CLANG_WARN_CONSTANT_CONVERSION = YES;
				CLANG_WARN_DEPRECATED_OBJC_IMPLEMENTATIONS = YES;
				CLANG_WARN_DIRECT_OBJC_ISA_USAGE = YES_ERROR;
				CLANG_WARN_DOCUMENTATION_COMMENTS = YES;
				CLANG_WARN_EMPTY_BODY = YES;
				CLANG_WARN_ENUM_CONVERSION = YES;
				CLANG_WARN_INFINITE_RECURSION = YES;
				CLANG_WARN_INT_CONVERSION = YES;
				CLANG_WARN_NON_LITERAL_NULL_CONVERSION = YES;
				CLANG_WARN_OBJC_IMPLICIT_RETAIN_SELF = YES;
				CLANG_WARN_OBJC_LITERAL_CONVERSION = YES;
				CLANG_WARN_OBJC_ROOT_CLASS = YES_ERROR;
				CLANG_WARN_RANGE_LOOP_ANALYSIS = YES;
				CLANG_WARN_STRICT_PROTOTYPES = YES;
				CLANG_WARN_SUSPICIOUS_MOVE = YES;
				CLANG_WARN_UNGUARDED_AVAILABILITY = YES_AGGRESSIVE;
				CLANG_WARN_UNREACHABLE_CODE = YES;
				CLANG_WARN__DUPLICATE_METHOD_MATCH = YES;
				CODE_SIGN_IDENTITY = "iPhone Developer";
				COPY_PHASE_STRIP = NO;
				DEBUG_INFORMATION_FORMAT = dwarf;
				ENABLE_STRICT_OBJC_MSGSEND = YES;
				ENABLE_TESTABILITY = YES;
				GCC_C_LANGUAGE_STANDARD = gnu11;
				GCC_DYNAMIC_NO_PIC = NO;
				GCC_NO_COMMON_BLOCKS = YES;
				GCC_OPTIMIZATION_LEVEL = 0;
				GCC_PREPROCESSOR_DEFINITIONS = (
					"DEBUG=1",
					"$(inherited)",
				);
				GCC_WARN_64_TO_32_BIT_CONVERSION = YES;
				GCC_WARN_ABOUT_RETURN_TYPE = YES_ERROR;
				GCC_WARN_UNDECLARED_SELECTOR = YES;
				GCC_WARN_UNINITIALIZED_AUTOS = YES_AGGRESSIVE;
				GCC_WARN_UNUSED_FUNCTION = YES;
				GCC_WARN_UNUSED_VARIABLE = YES;
				IPHONEOS_DEPLOYMENT_TARGET = 12.2;
				MTL_ENABLE_DEBUG_INFO = INCLUDE_SOURCE;
				MTL_FAST_MATH = YES;
				ONLY_ACTIVE_ARCH = YES;
				SDKROOT = iphoneos;
				SWIFT_ACTIVE_COMPILATION_CONDITIONS = DEBUG;
				SWIFT_OPTIMIZATION_LEVEL = "-Onone";
			};
			name = Debug;
		};
		274B740922875DD800CDD658 /* Release */ = {
			isa = XCBuildConfiguration;
			buildSettings = {
				ALWAYS_SEARCH_USER_PATHS = NO;
				CLANG_ANALYZER_NONNULL = YES;
				CLANG_ANALYZER_NUMBER_OBJECT_CONVERSION = YES_AGGRESSIVE;
				CLANG_CXX_LANGUAGE_STANDARD = "gnu++14";
				CLANG_CXX_LIBRARY = "libc++";
				CLANG_ENABLE_MODULES = YES;
				CLANG_ENABLE_OBJC_ARC = YES;
				CLANG_ENABLE_OBJC_WEAK = YES;
				CLANG_WARN_BLOCK_CAPTURE_AUTORELEASING = YES;
				CLANG_WARN_BOOL_CONVERSION = YES;
				CLANG_WARN_COMMA = YES;
				CLANG_WARN_CONSTANT_CONVERSION = YES;
				CLANG_WARN_DEPRECATED_OBJC_IMPLEMENTATIONS = YES;
				CLANG_WARN_DIRECT_OBJC_ISA_USAGE = YES_ERROR;
				CLANG_WARN_DOCUMENTATION_COMMENTS = YES;
				CLANG_WARN_EMPTY_BODY = YES;
				CLANG_WARN_ENUM_CONVERSION = YES;
				CLANG_WARN_INFINITE_RECURSION = YES;
				CLANG_WARN_INT_CONVERSION = YES;
				CLANG_WARN_NON_LITERAL_NULL_CONVERSION = YES;
				CLANG_WARN_OBJC_IMPLICIT_RETAIN_SELF = YES;
				CLANG_WARN_OBJC_LITERAL_CONVERSION = YES;
				CLANG_WARN_OBJC_ROOT_CLASS = YES_ERROR;
				CLANG_WARN_RANGE_LOOP_ANALYSIS = YES;
				CLANG_WARN_STRICT_PROTOTYPES = YES;
				CLANG_WARN_SUSPICIOUS_MOVE = YES;
				CLANG_WARN_UNGUARDED_AVAILABILITY = YES_AGGRESSIVE;
				CLANG_WARN_UNREACHABLE_CODE = YES;
				CLANG_WARN__DUPLICATE_METHOD_MATCH = YES;
				CODE_SIGN_IDENTITY = "iPhone Developer";
				COPY_PHASE_STRIP = NO;
				DEBUG_INFORMATION_FORMAT = "dwarf-with-dsym";
				ENABLE_NS_ASSERTIONS = NO;
				ENABLE_STRICT_OBJC_MSGSEND = YES;
				GCC_C_LANGUAGE_STANDARD = gnu11;
				GCC_NO_COMMON_BLOCKS = YES;
				GCC_WARN_64_TO_32_BIT_CONVERSION = YES;
				GCC_WARN_ABOUT_RETURN_TYPE = YES_ERROR;
				GCC_WARN_UNDECLARED_SELECTOR = YES;
				GCC_WARN_UNINITIALIZED_AUTOS = YES_AGGRESSIVE;
				GCC_WARN_UNUSED_FUNCTION = YES;
				GCC_WARN_UNUSED_VARIABLE = YES;
				IPHONEOS_DEPLOYMENT_TARGET = 12.2;
				MTL_ENABLE_DEBUG_INFO = NO;
				MTL_FAST_MATH = YES;
				SDKROOT = iphoneos;
				SWIFT_COMPILATION_MODE = wholemodule;
				SWIFT_OPTIMIZATION_LEVEL = "-O";
				VALIDATE_PRODUCT = YES;
			};
			name = Release;
		};
		274B740B22875DD800CDD658 /* Debug */ = {
			isa = XCBuildConfiguration;
			baseConfigurationReference = EED697DEB392D7E3895F08F8 /* Pods-MyBooks.debug.xcconfig */;
			buildSettings = {
				ASSETCATALOG_COMPILER_APPICON_NAME = AppIcon;
				CODE_SIGN_STYLE = Automatic;
				INFOPLIST_FILE = MyBooks/Info.plist;
				LD_RUNPATH_SEARCH_PATHS = (
					"$(inherited)",
					"@executable_path/Frameworks",
				);
				PRODUCT_BUNDLE_IDENTIFIER = com.oneorafael.MyBooks;
				PRODUCT_NAME = "$(TARGET_NAME)";
				SWIFT_VERSION = 5.0;
				TARGETED_DEVICE_FAMILY = "1,2";
			};
			name = Debug;
		};
		274B740C22875DD800CDD658 /* Release */ = {
			isa = XCBuildConfiguration;
			baseConfigurationReference = 0A1BC4F511664BB6742C51EF /* Pods-MyBooks.release.xcconfig */;
			buildSettings = {
				ASSETCATALOG_COMPILER_APPICON_NAME = AppIcon;
				CODE_SIGN_STYLE = Automatic;
				INFOPLIST_FILE = MyBooks/Info.plist;
				LD_RUNPATH_SEARCH_PATHS = (
					"$(inherited)",
					"@executable_path/Frameworks",
				);
				PRODUCT_BUNDLE_IDENTIFIER = com.oneorafael.MyBooks;
				PRODUCT_NAME = "$(TARGET_NAME)";
				SWIFT_VERSION = 5.0;
				TARGETED_DEVICE_FAMILY = "1,2";
			};
			name = Release;
		};
/* End XCBuildConfiguration section */

/* Begin XCConfigurationList section */
		274B73F022875DD700CDD658 /* Build configuration list for PBXProject "MyBooks" */ = {
			isa = XCConfigurationList;
			buildConfigurations = (
				274B740822875DD800CDD658 /* Debug */,
				274B740922875DD800CDD658 /* Release */,
			);
			defaultConfigurationIsVisible = 0;
			defaultConfigurationName = Release;
		};
		274B740A22875DD800CDD658 /* Build configuration list for PBXNativeTarget "MyBooks" */ = {
			isa = XCConfigurationList;
			buildConfigurations = (
				274B740B22875DD800CDD658 /* Debug */,
				274B740C22875DD800CDD658 /* Release */,
			);
			defaultConfigurationIsVisible = 0;
			defaultConfigurationName = Release;
		};
/* End XCConfigurationList section */

/* Begin XCVersionGroup section */
		274B73FF22875DD700CDD658 /* MyBooks.xcdatamodeld */ = {
			isa = XCVersionGroup;
			children = (
				274B740022875DD700CDD658 /* MyBooks.xcdatamodel */,
			);
			currentVersion = 274B740022875DD700CDD658 /* MyBooks.xcdatamodel */;
			path = MyBooks.xcdatamodeld;
			sourceTree = "<group>";
			versionGroupType = wrapper.xcdatamodel;
		};
/* End XCVersionGroup section */
	};
	rootObject = 274B73ED22875DD700CDD658 /* Project object */;
}
